
Microsoft Visual Studio Solution File, Format Version 12.00
# Visual Studio 15
VisualStudioVersion = 15.0.28010.2041
MinimumVisualStudioVersion = 10.0.40219.1
Project("{FAE04EC0-301F-11D3-BF4B-00C04F79EFBC}") = "testUI02", "testUI02\testUI02.csproj", "{791E8E13-8960-4980-9DC4-DBB102DF1854}"
EndProject
Global
	GlobalSection(SolutionConfigurationPlatforms) = preSolution
		Debug|Any CPU = Debug|Any CPU
		Release|Any CPU = Release|Any CPU
	EndGlobalSection
	GlobalSection(ProjectConfigurationPlatforms) = postSolution
		{791E8E13-8960-4980-9DC4-DBB102DF1854}.Debug|Any CPU.ActiveCfg = Debug|Any CPU
		{791E8E13-8960-4980-9DC4-DBB102DF1854}.Debug|Any CPU.Build.0 = Debug|Any CPU
		{791E8E13-8960-4980-9DC4-DBB102DF1854}.Release|Any CPU.ActiveCfg = Release|Any CPU
		{791E8E13-8960-4980-9DC4-DBB102DF1854}.Release|Any CPU.Build.0 = Release|Any CPU
	EndGlobalSection
	GlobalSection(SolutionProperties) = preSolution
		HideSolutionNode = FALSE
	EndGlobalSection
	GlobalSection(ExtensibilityGlobals) = postSolution
		SolutionGuid = {F77805B4-80E7-4F3E-8ED0-EF70FD857DC1}
	EndGlobalSection
EndGlobal
